{
    "_readme": [
        "This file locks the dependencies of your project to a known state",
        "Read more about it at https://getcomposer.org/doc/01-basic-usage.md#composer-lock-the-lock-file",
        "This file is @generated automatically"
    ],
    "hash": "9d9131547b4dd41eeb41bc2bb8807013",
    "packages": [
        {
            "name": "symfony/config",
            "version": "v2.7.3",
            "source": {
                "type": "git",
                "url": "https://github.com/symfony/Config.git",
                "reference": "6c905bbed1e728226de656e4c07d620dfe9e80d9"
            },
            "dist": {
                "type": "zip",
                "url": "https://api.github.com/repos/symfony/Config/zipball/6c905bbed1e728226de656e4c07d620dfe9e80d9",
                "reference": "6c905bbed1e728226de656e4c07d620dfe9e80d9",
                "shasum": ""
            },
            "require": {
                "php": ">=5.3.9",
                "symfony/filesystem": "~2.3"
            },
            "require-dev": {
                "symfony/phpunit-bridge": "~2.7"
            },
            "type": "library",
            "extra": {
                "branch-alias": {
                    "dev-master": "2.7-dev"
                }
            },
            "autoload": {
                "psr-4": {
                    "Symfony\\Component\\Config\\": ""
                }
            },
            "notification-url": "https://packagist.org/downloads/",
            "license": [
                "MIT"
            ],
            "authors": [
                {
                    "name": "Fabien Potencier",
                    "email": "fabien@symfony.com"
                },
                {
                    "name": "Symfony Community",
                    "homepage": "https://symfony.com/contributors"
                }
            ],
            "description": "Symfony Config Component",
            "homepage": "https://symfony.com",
            "time": "2015-07-09 16:07:40"
        },
        {
            "name": "symfony/event-dispatcher",
            "version": "v2.7.3",
            "source": {
                "type": "git",
                "url": "https://github.com/symfony/EventDispatcher.git",
                "reference": "9310b5f9a87ec2ea75d20fec0b0017c77c66dac3"
            },
            "dist": {
                "type": "zip",
                "url": "https://api.github.com/repos/symfony/EventDispatcher/zipball/9310b5f9a87ec2ea75d20fec0b0017c77c66dac3",
                "reference": "9310b5f9a87ec2ea75d20fec0b0017c77c66dac3",
                "shasum": ""
            },
            "require": {
                "php": ">=5.3.9"
            },
            "require-dev": {
                "psr/log": "~1.0",
                "symfony/config": "~2.0,>=2.0.5",
                "symfony/dependency-injection": "~2.6",
                "symfony/expression-language": "~2.6",
                "symfony/phpunit-bridge": "~2.7",
                "symfony/stopwatch": "~2.3"
            },
            "suggest": {
                "symfony/dependency-injection": "",
                "symfony/http-kernel": ""
            },
            "type": "library",
            "extra": {
                "branch-alias": {
                    "dev-master": "2.7-dev"
                }
            },
            "autoload": {
                "psr-4": {
                    "Symfony\\Component\\EventDispatcher\\": ""
                }
            },
            "notification-url": "https://packagist.org/downloads/",
            "license": [
                "MIT"
            ],
            "authors": [
                {
                    "name": "Fabien Potencier",
                    "email": "fabien@symfony.com"
                },
                {
                    "name": "Symfony Community",
                    "homepage": "https://symfony.com/contributors"
                }
            ],
            "description": "Symfony EventDispatcher Component",
            "homepage": "https://symfony.com",
            "time": "2015-06-18 19:21:56"
        },
        {
            "name": "symfony/filesystem",
            "version": "v2.7.3",
            "source": {
                "type": "git",
                "url": "https://github.com/symfony/Filesystem.git",
                "reference": "2d7b2ddaf3f548f4292df49a99d19c853d43f0b8"
            },
            "dist": {
                "type": "zip",
                "url": "https://api.github.com/repos/symfony/Filesystem/zipball/2d7b2ddaf3f548f4292df49a99d19c853d43f0b8",
                "reference": "2d7b2ddaf3f548f4292df49a99d19c853d43f0b8",
                "shasum": ""
            },
            "require": {
                "php": ">=5.3.9"
            },
            "require-dev": {
                "symfony/phpunit-bridge": "~2.7"
            },
            "type": "library",
            "extra": {
                "branch-alias": {
                    "dev-master": "2.7-dev"
                }
            },
            "autoload": {
                "psr-4": {
                    "Symfony\\Component\\Filesystem\\": ""
                }
            },
            "notification-url": "https://packagist.org/downloads/",
            "license": [
                "MIT"
            ],
            "authors": [
                {
                    "name": "Fabien Potencier",
                    "email": "fabien@symfony.com"
                },
                {
                    "name": "Symfony Community",
                    "homepage": "https://symfony.com/contributors"
                }
            ],
            "description": "Symfony Filesystem Component",
            "homepage": "https://symfony.com",
            "time": "2015-07-09 16:07:40"
        },
        {
            "name": "symfony/form",
            "version": "v2.7.3",
            "source": {
                "type": "git",
                "url": "https://github.com/symfony/Form.git",
                "reference": "834bfe69221e5e060296f61755e95a8037aa9666"
            },
            "dist": {
                "type": "zip",
                "url": "https://api.github.com/repos/symfony/Form/zipball/834bfe69221e5e060296f61755e95a8037aa9666",
                "reference": "834bfe69221e5e060296f61755e95a8037aa9666",
                "shasum": ""
            },
            "require": {
                "php": ">=5.3.9",
                "symfony/event-dispatcher": "~2.1",
                "symfony/intl": "~2.3",
                "symfony/options-resolver": "~2.6",
                "symfony/property-access": "~2.3"
            },
            "conflict": {
                "symfony/doctrine-bridge": "<2.7",
                "symfony/framework-bundle": "<2.7",
                "symfony/twig-bridge": "<2.7"
            },
            "require-dev": {
                "doctrine/collections": "~1.0",
                "symfony/http-foundation": "~2.2",
                "symfony/http-kernel": "~2.4",
                "symfony/phpunit-bridge": "~2.7",
                "symfony/security-csrf": "~2.4",
                "symfony/translation": "~2.0,>=2.0.5",
                "symfony/validator": "~2.6,>=2.6.8"
            },
            "suggest": {
                "symfony/framework-bundle": "For templating with PHP.",
                "symfony/security-csrf": "For protecting forms against CSRF attacks.",
                "symfony/twig-bridge": "For templating with Twig.",
                "symfony/validator": "For form validation."
            },
            "type": "library",
            "extra": {
                "branch-alias": {
                    "dev-master": "2.7-dev"
                }
            },
            "autoload": {
                "psr-4": {
                    "Symfony\\Component\\Form\\": ""
                }
            },
            "notification-url": "https://packagist.org/downloads/",
            "license": [
                "MIT"
            ],
            "authors": [
                {
                    "name": "Fabien Potencier",
                    "email": "fabien@symfony.com"
                },
                {
                    "name": "Symfony Community",
                    "homepage": "https://symfony.com/contributors"
                }
            ],
            "description": "Symfony Form Component",
            "homepage": "https://symfony.com",
            "time": "2015-07-22 10:11:00"
        },
        {
            "name": "symfony/intl",
            "version": "v2.7.3",
            "source": {
                "type": "git",
                "url": "https://github.com/symfony/Intl.git",
                "reference": "ea83ee897023537fcd9b15fe29ef5622ea8f1c4b"
            },
            "dist": {
                "type": "zip",
                "url": "https://api.github.com/repos/symfony/Intl/zipball/ea83ee897023537fcd9b15fe29ef5622ea8f1c4b",
                "reference": "ea83ee897023537fcd9b15fe29ef5622ea8f1c4b",
                "shasum": ""
            },
            "require": {
                "php": ">=5.3.9"
            },
            "require-dev": {
                "symfony/filesystem": "~2.1",
                "symfony/phpunit-bridge": "~2.7"
            },
            "suggest": {
                "ext-intl": "to use the component with locales other than \"en\""
            },
            "type": "library",
            "extra": {
                "branch-alias": {
                    "dev-master": "2.7-dev"
                }
            },
            "autoload": {
                "psr-4": {
                    "Symfony\\Component\\Intl\\": ""
                },
                "classmap": [
                    "Resources/stubs"
                ],
                "files": [
                    "Resources/stubs/functions.php"
                ]
            },
            "notification-url": "https://packagist.org/downloads/",
            "license": [
                "MIT"
            ],
            "authors": [
                {
                    "name": "Bernhard Schussek",
                    "email": "bschussek@gmail.com"
                },
                {
                    "name": "Eriksen Costa",
                    "email": "eriksen.costa@infranology.com.br"
                },
                {
                    "name": "Igor Wiedler",
                    "email": "igor@wiedler.ch"
                },
                {
                    "name": "Symfony Community",
                    "homepage": "https://symfony.com/contributors"
                }
            ],
            "description": "A PHP replacement layer for the C intl extension that includes additional data from the ICU library.",
            "homepage": "https://symfony.com",
            "keywords": [
                "i18n",
                "icu",
                "internationalization",
                "intl",
                "l10n",
                "localization"
            ],
            "time": "2015-07-31 13:24:29"
        },
        {
            "name": "symfony/options-resolver",
            "version": "v2.7.3",
            "source": {
                "type": "git",
                "url": "https://github.com/symfony/OptionsResolver.git",
                "reference": "98c313c831e5d99bb393ba1844df91bab2bb5b8b"
            },
            "dist": {
                "type": "zip",
                "url": "https://api.github.com/repos/symfony/OptionsResolver/zipball/98c313c831e5d99bb393ba1844df91bab2bb5b8b",
                "reference": "98c313c831e5d99bb393ba1844df91bab2bb5b8b",
                "shasum": ""
            },
            "require": {
                "php": ">=5.3.9"
            },
            "require-dev": {
                "symfony/phpunit-bridge": "~2.7"
            },
            "type": "library",
            "extra": {
                "branch-alias": {
                    "dev-master": "2.7-dev"
                }
            },
            "autoload": {
                "psr-4": {
                    "Symfony\\Component\\OptionsResolver\\": ""
                }
            },
            "notification-url": "https://packagist.org/downloads/",
            "license": [
                "MIT"
            ],
            "authors": [
                {
                    "name": "Fabien Potencier",
                    "email": "fabien@symfony.com"
                },
                {
                    "name": "Symfony Community",
                    "homepage": "https://symfony.com/contributors"
                }
            ],
            "description": "Symfony OptionsResolver Component",
            "homepage": "https://symfony.com",
            "keywords": [
                "config",
                "configuration",
                "options"
            ],
            "time": "2015-06-18 19:21:56"
        },
        {
            "name": "symfony/property-access",
            "version": "v2.7.3",
            "source": {
                "type": "git",
                "url": "https://github.com/symfony/PropertyAccess.git",
                "reference": "e61e1a292c397273f654b15389600fe1d5a210de"
            },
            "dist": {
                "type": "zip",
                "url": "https://api.github.com/repos/symfony/PropertyAccess/zipball/e61e1a292c397273f654b15389600fe1d5a210de",
                "reference": "e61e1a292c397273f654b15389600fe1d5a210de",
                "shasum": ""
            },
            "require": {
                "php": ">=5.3.9"
            },
            "require-dev": {
                "symfony/phpunit-bridge": "~2.7"
            },
            "type": "library",
            "extra": {
                "branch-alias": {
                    "dev-master": "2.7-dev"
                }
            },
            "autoload": {
                "psr-4": {
                    "Symfony\\Component\\PropertyAccess\\": ""
                }
            },
            "notification-url": "https://packagist.org/downloads/",
            "license": [
                "MIT"
            ],
            "authors": [
                {
                    "name": "Fabien Potencier",
                    "email": "fabien@symfony.com"
                },
                {
                    "name": "Symfony Community",
                    "homepage": "https://symfony.com/contributors"
                }
            ],
            "description": "Symfony PropertyAccess Component",
            "homepage": "https://symfony.com",
            "keywords": [
                "access",
                "array",
                "extraction",
                "index",
                "injection",
                "object",
                "property",
                "property path",
                "reflection"
            ],
            "time": "2015-07-16 12:21:55"
        },
        {
            "name": "symfony/security-core",
            "version": "v2.7.3",
            "source": {
                "type": "git",
                "url": "https://github.com/symfony/security-core.git",
                "reference": "9d527757035db08648a6cd41c165ae7869dd534e"
            },
            "dist": {
                "type": "zip",
                "url": "https://api.github.com/repos/symfony/security-core/zipball/9d527757035db08648a6cd41c165ae7869dd534e",
                "reference": "9d527757035db08648a6cd41c165ae7869dd534e",
                "shasum": ""
            },
            "require": {
                "php": ">=5.3.9"
            },
            "require-dev": {
                "ircmaxell/password-compat": "1.0.*",
                "psr/log": "~1.0",
                "symfony/event-dispatcher": "~2.1",
                "symfony/expression-language": "~2.6",
                "symfony/http-foundation": "~2.4",
                "symfony/phpunit-bridge": "~2.7",
                "symfony/translation": "~2.0,>=2.0.5",
                "symfony/validator": "~2.5,>=2.5.5"
            },
            "suggest": {
                "ircmaxell/password-compat": "For using the BCrypt password encoder in PHP <5.5",
                "symfony/event-dispatcher": "",
                "symfony/expression-language": "For using the expression voter",
                "symfony/http-foundation": "",
                "symfony/validator": "For using the user password constraint"
            },
            "type": "library",
            "extra": {
                "branch-alias": {
                    "dev-master": "2.7-dev"
                }
            },
            "autoload": {
                "psr-4": {
                    "Symfony\\Component\\Security\\Core\\": ""
                }
            },
            "notification-url": "https://packagist.org/downloads/",
            "license": [
                "MIT"
            ],
            "authors": [
                {
                    "name": "Fabien Potencier",
                    "email": "fabien@symfony.com"
                },
                {
                    "name": "Symfony Community",
                    "homepage": "https://symfony.com/contributors"
                }
            ],
            "description": "Symfony Security Component - Core Library",
            "homepage": "https://symfony.com",
            "time": "2015-07-22 10:11:00"
        },
        {
            "name": "symfony/security-csrf",
            "version": "v2.7.3",
            "source": {
                "type": "git",
                "url": "https://github.com/symfony/security-csrf.git",
                "reference": "e438b3e7de930e2147e397830126d2f0d32a0088"
            },
            "dist": {
                "type": "zip",
                "url": "https://api.github.com/repos/symfony/security-csrf/zipball/e438b3e7de930e2147e397830126d2f0d32a0088",
                "reference": "e438b3e7de930e2147e397830126d2f0d32a0088",
                "shasum": ""
            },
            "require": {
                "php": ">=5.3.9",
                "symfony/security-core": "~2.4"
            },
            "require-dev": {
                "symfony/http-foundation": "~2.1",
                "symfony/phpunit-bridge": "~2.7"
            },
            "suggest": {
                "symfony/http-foundation": "For using the class SessionTokenStorage."
            },
            "type": "library",
            "extra": {
                "branch-alias": {
                    "dev-master": "2.7-dev"
                }
            },
            "autoload": {
                "psr-4": {
                    "Symfony\\Component\\Security\\Csrf\\": ""
                }
            },
            "notification-url": "https://packagist.org/downloads/",
            "license": [
                "MIT"
            ],
            "authors": [
                {
                    "name": "Fabien Potencier",
                    "email": "fabien@symfony.com"
                },
                {
                    "name": "Symfony Community",
                    "homepage": "https://symfony.com/contributors"
                }
            ],
            "description": "Symfony Security Component - CSRF Library",
            "homepage": "https://symfony.com",
            "time": "2015-05-13 11:34:46"
        },
        {
            "name": "symfony/translation",
            "version": "v2.7.3",
            "source": {
                "type": "git",
                "url": "https://github.com/symfony/Translation.git",
                "reference": "c8dc34cc936152c609cdd722af317e4239d10dd6"
            },
            "dist": {
                "type": "zip",
                "url": "https://api.github.com/repos/symfony/Translation/zipball/c8dc34cc936152c609cdd722af317e4239d10dd6",
                "reference": "c8dc34cc936152c609cdd722af317e4239d10dd6",
                "shasum": ""
            },
            "require": {
                "php": ">=5.3.9"
            },
            "conflict": {
                "symfony/config": "<2.7"
            },
            "require-dev": {
                "psr/log": "~1.0",
                "symfony/config": "~2.7",
                "symfony/intl": "~2.3",
                "symfony/phpunit-bridge": "~2.7",
                "symfony/yaml": "~2.2"
            },
            "suggest": {
                "psr/log": "To use logging capability in translator",
                "symfony/config": "",
                "symfony/yaml": ""
            },
            "type": "library",
            "extra": {
                "branch-alias": {
                    "dev-master": "2.7-dev"
                }
            },
            "autoload": {
                "psr-4": {
                    "Symfony\\Component\\Translation\\": ""
                }
            },
            "notification-url": "https://packagist.org/downloads/",
            "license": [
                "MIT"
            ],
            "authors": [
                {
                    "name": "Fabien Potencier",
                    "email": "fabien@symfony.com"
                },
                {
                    "name": "Symfony Community",
                    "homepage": "https://symfony.com/contributors"
                }
            ],
            "description": "Symfony Translation Component",
            "homepage": "https://symfony.com",
            "time": "2015-07-09 16:07:40"
        },
        {
            "name": "symfony/twig-bridge",
            "version": "v2.7.3",
            "source": {
                "type": "git",
                "url": "https://github.com/symfony/TwigBridge.git",
                "reference": "1d7c50fc20f89c5ca4d440ed54abf049dc882c6e"
            },
            "dist": {
                "type": "zip",
                "url": "https://api.github.com/repos/symfony/TwigBridge/zipball/1d7c50fc20f89c5ca4d440ed54abf049dc882c6e",
                "reference": "1d7c50fc20f89c5ca4d440ed54abf049dc882c6e",
                "shasum": ""
            },
            "require": {
                "php": ">=5.3.9",
                "twig/twig": "~1.18"
            },
            "require-dev": {
                "symfony/asset": "~2.7",
                "symfony/console": "~2.7",
                "symfony/expression-language": "~2.4",
                "symfony/finder": "~2.3",
                "symfony/form": "~2.7,>=2.7.2",
                "symfony/http-kernel": "~2.3",
                "symfony/intl": "~2.3",
                "symfony/phpunit-bridge": "~2.7",
                "symfony/routing": "~2.2",
                "symfony/security": "~2.6",
                "symfony/stopwatch": "~2.2",
                "symfony/templating": "~2.1",
                "symfony/translation": "~2.7",
                "symfony/var-dumper": "~2.6",
                "symfony/yaml": "~2.0,>=2.0.5"
            },
            "suggest": {
                "symfony/asset": "For using the AssetExtension",
                "symfony/expression-language": "For using the ExpressionExtension",
                "symfony/finder": "",
                "symfony/form": "For using the FormExtension",
                "symfony/http-kernel": "For using the HttpKernelExtension",
                "symfony/routing": "For using the RoutingExtension",
                "symfony/security": "For using the SecurityExtension",
                "symfony/stopwatch": "For using the StopwatchExtension",
                "symfony/templating": "For using the TwigEngine",
                "symfony/translation": "For using the TranslationExtension",
                "symfony/var-dumper": "For using the DumpExtension",
                "symfony/yaml": "For using the YamlExtension"
            },
            "type": "symfony-bridge",
            "extra": {
                "branch-alias": {
                    "dev-master": "2.7-dev"
                }
            },
            "autoload": {
                "psr-4": {
                    "Symfony\\Bridge\\Twig\\": ""
                }
            },
            "notification-url": "https://packagist.org/downloads/",
            "license": [
                "MIT"
            ],
            "authors": [
                {
                    "name": "Fabien Potencier",
                    "email": "fabien@symfony.com"
                },
                {
                    "name": "Symfony Community",
                    "homepage": "https://symfony.com/contributors"
                }
            ],
            "description": "Symfony Twig Bridge",
            "homepage": "https://symfony.com",
            "time": "2015-07-26 06:32:57"
        },
        {
            "name": "symfony/validator",
            "version": "v2.7.3",
            "source": {
                "type": "git",
                "url": "https://github.com/symfony/Validator.git",
                "reference": "646df03e635a8a232804274401449ccdf5f03cad"
            },
            "dist": {
                "type": "zip",
                "url": "https://api.github.com/repos/symfony/Validator/zipball/646df03e635a8a232804274401449ccdf5f03cad",
                "reference": "646df03e635a8a232804274401449ccdf5f03cad",
                "shasum": ""
            },
            "require": {
                "php": ">=5.3.9",
                "symfony/translation": "~2.4"
            },
            "require-dev": {
                "doctrine/annotations": "~1.0",
                "doctrine/cache": "~1.0",
                "egulias/email-validator": "~1.2,>=1.2.1",
                "symfony/config": "~2.2",
                "symfony/expression-language": "~2.4",
                "symfony/http-foundation": "~2.1",
                "symfony/intl": "~2.3",
                "symfony/phpunit-bridge": "~2.7",
                "symfony/property-access": "~2.3",
                "symfony/yaml": "~2.0,>=2.0.5"
            },
            "suggest": {
                "doctrine/annotations": "For using the annotation mapping. You will also need doctrine/cache.",
                "doctrine/cache": "For using the default cached annotation reader and metadata cache.",
                "egulias/email-validator": "Strict (RFC compliant) email validation",
                "symfony/config": "",
                "symfony/expression-language": "For using the 2.4 Expression validator",
                "symfony/http-foundation": "",
                "symfony/intl": "",
                "symfony/property-access": "For using the 2.4 Validator API",
                "symfony/yaml": ""
            },
            "type": "library",
            "extra": {
                "branch-alias": {
                    "dev-master": "2.7-dev"
                }
            },
            "autoload": {
                "psr-4": {
                    "Symfony\\Component\\Validator\\": ""
                }
            },
            "notification-url": "https://packagist.org/downloads/",
            "license": [
                "MIT"
            ],
            "authors": [
                {
                    "name": "Fabien Potencier",
                    "email": "fabien@symfony.com"
                },
                {
                    "name": "Symfony Community",
                    "homepage": "https://symfony.com/contributors"
                }
            ],
            "description": "Symfony Validator Component",
            "homepage": "https://symfony.com",
            "time": "2015-07-31 06:49:15"
        },
        {
            "name": "twig/twig",
            "version": "v1.20.0",
            "source": {
                "type": "git",
                "url": "https://github.com/twigphp/Twig.git",
                "reference": "1ea4e5f81c6d005fe84d0b38e1c4f1955eb86844"
            },
            "dist": {
                "type": "zip",
                "url": "https://api.github.com/repos/twigphp/Twig/zipball/1ea4e5f81c6d005fe84d0b38e1c4f1955eb86844",
                "reference": "1ea4e5f81c6d005fe84d0b38e1c4f1955eb86844",
                "shasum": ""
            },
            "require": {
                "php": ">=5.2.7"
            },
            "type": "library",
            "extra": {
                "branch-alias": {
                    "dev-master": "1.20-dev"
                }
            },
            "autoload": {
                "psr-0": {
                    "Twig_": "lib/"
                }
            },
            "notification-url": "https://packagist.org/downloads/",
            "license": [
                "BSD-3-Clause"
            ],
            "authors": [
                {
                    "name": "Fabien Potencier",
                    "email": "fabien@symfony.com",
                    "homepage": "http://fabien.potencier.org",
                    "role": "Lead Developer"
                },
                {
                    "name": "Armin Ronacher",
                    "email": "armin.ronacher@active-4.com",
                    "role": "Project Founder"
                },
                {
                    "name": "Twig Team",
                    "homepage": "http://twig.sensiolabs.org/contributors",
                    "role": "Contributors"
                }
            ],
            "description": "Twig, the flexible, fast, and secure template language for PHP",
            "homepage": "http://twig.sensiolabs.org",
            "keywords": [
                "templating"
            ],
            "time": "2015-08-12 15:56:39"
        }
    ],
    "packages-dev": [],
    "aliases": [],
    "minimum-stability": "stable",
    "stability-flags": [],
    "prefer-stable": false,
    "prefer-lowest": false,
    "platform": [],
    "platform-dev": []
}
